// !$*UTF8*$!
{
	archiveVersion = 1;
	classes = {
	};
	objectVersion = 50;
	objects = {

/* Begin PBXBuildFile section */
		040E124B2423CB7C003AE05D /* FeedViewController.swift in Sources */ = {isa = PBXBuildFile; fileRef = 040E124A2423CB7C003AE05D /* FeedViewController.swift */; };
		040E124D2423CB9C003AE05D /* FeedViewController.storyboard in Resources */ = {isa = PBXBuildFile; fileRef = 040E124C2423CB9C003AE05D /* FeedViewController.storyboard */; };
		040E124F2423CD9F003AE05D /* UIViewController + Storyboard.swift in Sources */ = {isa = PBXBuildFile; fileRef = 040E124E2423CD9F003AE05D /* UIViewController + Storyboard.swift */; };
		0485E850242110510037F4E2 /* AppDelegate.swift in Sources */ = {isa = PBXBuildFile; fileRef = 0485E84F242110510037F4E2 /* AppDelegate.swift */; };
		0485E859242110540037F4E2 /* Assets.xcassets in Resources */ = {isa = PBXBuildFile; fileRef = 0485E858242110540037F4E2 /* Assets.xcassets */; };
		0485E85C242110540037F4E2 /* LaunchScreen.storyboard in Resources */ = {isa = PBXBuildFile; fileRef = 0485E85A242110540037F4E2 /* LaunchScreen.storyboard */; };
		0485E86A242144C90037F4E2 /* AuthService.swift in Sources */ = {isa = PBXBuildFile; fileRef = 0485E869242144C90037F4E2 /* AuthService.swift */; };
		0485E86D242146DE0037F4E2 /* AuthViewController.swift in Sources */ = {isa = PBXBuildFile; fileRef = 0485E86C242146DE0037F4E2 /* AuthViewController.swift */; };
		0485E86F242146ED0037F4E2 /* AuthViewController.storyboard in Resources */ = {isa = PBXBuildFile; fileRef = 0485E86E242146ED0037F4E2 /* AuthViewController.storyboard */; };
		0485E871242149FD0037F4E2 /* VKSdkFramework.framework in Frameworks */ = {isa = PBXBuildFile; fileRef = 0485E864242114880037F4E2 /* VKSdkFramework.framework */; };
		0485E872242149FD0037F4E2 /* VKSdkFramework.framework in Embed Frameworks */ = {isa = PBXBuildFile; fileRef = 0485E864242114880037F4E2 /* VKSdkFramework.framework */; settings = {ATTRIBUTES = (CodeSignOnCopy, RemoveHeadersOnCopy, ); }; };
		049B11C22423D2A300A54AFE /* NetworkService.swift in Sources */ = {isa = PBXBuildFile; fileRef = 049B11C12423D2A300A54AFE /* NetworkService.swift */; };
		049B11C42423D36400A54AFE /* API.swift in Sources */ = {isa = PBXBuildFile; fileRef = 049B11C32423D36400A54AFE /* API.swift */; };
/* End PBXBuildFile section */

/* Begin PBXCopyFilesBuildPhase section */
		0485E873242149FD0037F4E2 /* Embed Frameworks */ = {
			isa = PBXCopyFilesBuildPhase;
			buildActionMask = 2147483647;
			dstPath = "";
			dstSubfolderSpec = 10;
			files = (
				0485E872242149FD0037F4E2 /* VKSdkFramework.framework in Embed Frameworks */,
			);
			name = "Embed Frameworks";
			runOnlyForDeploymentPostprocessing = 0;
		};
/* End PBXCopyFilesBuildPhase section */

/* Begin PBXFileReference section */
		040E124A2423CB7C003AE05D /* FeedViewController.swift */ = {isa = PBXFileReference; lastKnownFileType = sourcecode.swift; path = FeedViewController.swift; sourceTree = "<group>"; };
		040E124C2423CB9C003AE05D /* FeedViewController.storyboard */ = {isa = PBXFileReference; lastKnownFileType = file.storyboard; path = FeedViewController.storyboard; sourceTree = "<group>"; };
		040E124E2423CD9F003AE05D /* UIViewController + Storyboard.swift */ = {isa = PBXFileReference; lastKnownFileType = sourcecode.swift; path = "UIViewController + Storyboard.swift"; sourceTree = "<group>"; };
		0485E84C242110510037F4E2 /* VKNewsFeed.app */ = {isa = PBXFileReference; explicitFileType = wrapper.application; includeInIndex = 0; path = VKNewsFeed.app; sourceTree = BUILT_PRODUCTS_DIR; };
		0485E84F242110510037F4E2 /* AppDelegate.swift */ = {isa = PBXFileReference; lastKnownFileType = sourcecode.swift; path = AppDelegate.swift; sourceTree = "<group>"; };
		0485E858242110540037F4E2 /* Assets.xcassets */ = {isa = PBXFileReference; lastKnownFileType = folder.assetcatalog; path = Assets.xcassets; sourceTree = "<group>"; };
		0485E85B242110540037F4E2 /* Base */ = {isa = PBXFileReference; lastKnownFileType = file.storyboard; name = Base; path = Base.lproj/LaunchScreen.storyboard; sourceTree = "<group>"; };
		0485E85D242110540037F4E2 /* Info.plist */ = {isa = PBXFileReference; lastKnownFileType = text.plist.xml; path = Info.plist; sourceTree = "<group>"; };
		0485E864242114880037F4E2 /* VKSdkFramework.framework */ = {isa = PBXFileReference; lastKnownFileType = wrapper.framework; name = VKSdkFramework.framework; path = Carthage/Build/iOS/VKSdkFramework.framework; sourceTree = "<group>"; };
		0485E869242144C90037F4E2 /* AuthService.swift */ = {isa = PBXFileReference; lastKnownFileType = sourcecode.swift; path = AuthService.swift; sourceTree = "<group>"; };
		0485E86C242146DE0037F4E2 /* AuthViewController.swift */ = {isa = PBXFileReference; lastKnownFileType = sourcecode.swift; path = AuthViewController.swift; sourceTree = "<group>"; };
		0485E86E242146ED0037F4E2 /* AuthViewController.storyboard */ = {isa = PBXFileReference; lastKnownFileType = file.storyboard; path = AuthViewController.storyboard; sourceTree = "<group>"; };
		049B11C12423D2A300A54AFE /* NetworkService.swift */ = {isa = PBXFileReference; lastKnownFileType = sourcecode.swift; path = NetworkService.swift; sourceTree = "<group>"; };
		049B11C32423D36400A54AFE /* API.swift */ = {isa = PBXFileReference; lastKnownFileType = sourcecode.swift; path = API.swift; sourceTree = "<group>"; };
/* End PBXFileReference section */

/* Begin PBXFrameworksBuildPhase section */
		0485E849242110500037F4E2 /* Frameworks */ = {
			isa = PBXFrameworksBuildPhase;
			buildActionMask = 2147483647;
			files = (
				0485E871242149FD0037F4E2 /* VKSdkFramework.framework in Frameworks */,
			);
			runOnlyForDeploymentPostprocessing = 0;
		};
/* End PBXFrameworksBuildPhase section */

/* Begin PBXGroup section */
		040E12502423CDA7003AE05D /* Helpers */ = {
			isa = PBXGroup;
			children = (
				040E124E2423CD9F003AE05D /* UIViewController + Storyboard.swift */,
			);
			path = Helpers;
			sourceTree = "<group>";
		};
		0485E843242110500037F4E2 = {
			isa = PBXGroup;
			children = (
				0485E84E242110510037F4E2 /* VKNewsFeed */,
				0485E84D242110510037F4E2 /* Products */,
				0485E863242114880037F4E2 /* Frameworks */,
			);
			sourceTree = "<group>";
		};
		0485E84D242110510037F4E2 /* Products */ = {
			isa = PBXGroup;
			children = (
				0485E84C242110510037F4E2 /* VKNewsFeed.app */,
			);
			name = Products;
			sourceTree = "<group>";
		};
		0485E84E242110510037F4E2 /* VKNewsFeed */ = {
			isa = PBXGroup;
			children = (
				0485E84F242110510037F4E2 /* AppDelegate.swift */,
				0485E86B242144D20037F4E2 /* Services */,
				0485E870242147040037F4E2 /* Auth */,
				049B11C02423D26100A54AFE /* FeedViewContoroller */,
				040E12502423CDA7003AE05D /* Helpers */,
				0485E858242110540037F4E2 /* Assets.xcassets */,
				0485E85A242110540037F4E2 /* LaunchScreen.storyboard */,
				0485E85D242110540037F4E2 /* Info.plist */,
			);
			path = VKNewsFeed;
			sourceTree = "<group>";
		};
		0485E863242114880037F4E2 /* Frameworks */ = {
			isa = PBXGroup;
			children = (
				0485E864242114880037F4E2 /* VKSdkFramework.framework */,
			);
			name = Frameworks;
			sourceTree = "<group>";
		};
		0485E86B242144D20037F4E2 /* Services */ = {
			isa = PBXGroup;
			children = (
				0485E869242144C90037F4E2 /* AuthService.swift */,
				049B11C12423D2A300A54AFE /* NetworkService.swift */,
				049B11C32423D36400A54AFE /* API.swift */,
			);
			path = Services;
			sourceTree = "<group>";
		};
		0485E870242147040037F4E2 /* Auth */ = {
			isa = PBXGroup;
			children = (
				0485E86C242146DE0037F4E2 /* AuthViewController.swift */,
				0485E86E242146ED0037F4E2 /* AuthViewController.storyboard */,
			);
			path = Auth;
			sourceTree = "<group>";
		};
		049B11C02423D26100A54AFE /* FeedViewContoroller */ = {
			isa = PBXGroup;
			children = (
				040E124A2423CB7C003AE05D /* FeedViewController.swift */,
				040E124C2423CB9C003AE05D /* FeedViewController.storyboard */,
			);
			path = FeedViewContoroller;
			sourceTree = "<group>";
		};
/* End PBXGroup section */

/* Begin PBXNativeTarget section */
		0485E84B242110500037F4E2 /* VKNewsFeed */ = {
			isa = PBXNativeTarget;
			buildConfigurationList = 0485E860242110540037F4E2 /* Build configuration list for PBXNativeTarget "VKNewsFeed" */;
			buildPhases = (
				0485E848242110500037F4E2 /* Sources */,
				0485E849242110500037F4E2 /* Frameworks */,
				0485E84A242110500037F4E2 /* Resources */,
				0485E8682421149F0037F4E2 /* ShellScript */,
				0485E873242149FD0037F4E2 /* Embed Frameworks */,
			);
			buildRules = (
			);
			dependencies = (
			);
			name = VKNewsFeed;
			productName = VKNewsFeed;
			productReference = 0485E84C242110510037F4E2 /* VKNewsFeed.app */;
			productType = "com.apple.product-type.application";
		};
/* End PBXNativeTarget section */

/* Begin PBXProject section */
		0485E844242110500037F4E2 /* Project object */ = {
			isa = PBXProject;
			attributes = {
				LastSwiftUpdateCheck = 1130;
				LastUpgradeCheck = 1130;
				ORGANIZATIONNAME = "Alex Kiritsa";
				TargetAttributes = {
					0485E84B242110500037F4E2 = {
						CreatedOnToolsVersion = 11.3.1;
					};
				};
			};
			buildConfigurationList = 0485E847242110500037F4E2 /* Build configuration list for PBXProject "VKNewsFeed" */;
			compatibilityVersion = "Xcode 9.3";
			developmentRegion = en;
			hasScannedForEncodings = 0;
			knownRegions = (
				en,
				Base,
			);
			mainGroup = 0485E843242110500037F4E2;
			productRefGroup = 0485E84D242110510037F4E2 /* Products */;
			projectDirPath = "";
			projectRoot = "";
			targets = (
				0485E84B242110500037F4E2 /* VKNewsFeed */,
			);
		};
/* End PBXProject section */

/* Begin PBXResourcesBuildPhase section */
		0485E84A242110500037F4E2 /* Resources */ = {
			isa = PBXResourcesBuildPhase;
			buildActionMask = 2147483647;
			files = (
				0485E85C242110540037F4E2 /* LaunchScreen.storyboard in Resources */,
				0485E86F242146ED0037F4E2 /* AuthViewController.storyboard in Resources */,
				0485E859242110540037F4E2 /* Assets.xcassets in Resources */,
				040E124D2423CB9C003AE05D /* FeedViewController.storyboard in Resources */,
			);
			runOnlyForDeploymentPostprocessing = 0;
		};
/* End PBXResourcesBuildPhase section */

/* Begin PBXShellScriptBuildPhase section */
		0485E8682421149F0037F4E2 /* ShellScript */ = {
			isa = PBXShellScriptBuildPhase;
			buildActionMask = 8;
			files = (
			);
			inputFileListPaths = (
			);
			inputPaths = (
				"$(SRCROOT)/Carthage/Build/iOS/VKSdkFramework.framework",
			);
			outputFileListPaths = (
			);
			outputPaths = (
			);
			runOnlyForDeploymentPostprocessing = 1;
			shellPath = /bin/sh;
			shellScript = "/usr/local/bin/carthage copy-frameworks\n";
		};
/* End PBXShellScriptBuildPhase section */

/* Begin PBXSourcesBuildPhase section */
		0485E848242110500037F4E2 /* Sources */ = {
			isa = PBXSourcesBuildPhase;
			buildActionMask = 2147483647;
			files = (
				0485E86D242146DE0037F4E2 /* AuthViewController.swift in Sources */,
				040E124F2423CD9F003AE05D /* UIViewController + Storyboard.swift in Sources */,
				0485E850242110510037F4E2 /* AppDelegate.swift in Sources */,
				040E124B2423CB7C003AE05D /* FeedViewController.swift in Sources */,
				049B11C22423D2A300A54AFE /* NetworkService.swift in Sources */,
				0485E86A242144C90037F4E2 /* AuthService.swift in Sources */,
				049B11C42423D36400A54AFE /* API.swift in Sources */,
			);
			runOnlyForDeploymentPostprocessing = 0;
		};
/* End PBXSourcesBuildPhase section */

/* Begin PBXVariantGroup section */
		0485E85A242110540037F4E2 /* LaunchScreen.storyboard */ = {
			isa = PBXVariantGroup;
			children = (
				0485E85B242110540037F4E2 /* Base */,
			);
			name = LaunchScreen.storyboard;
			sourceTree = "<group>";
		};
/* End PBXVariantGroup section */

/* Begin XCBuildConfiguration section */
		0485E85E242110540037F4E2 /* Debug */ = {
			isa = XCBuildConfiguration;
			buildSettings = {
				ALWAYS_SEARCH_USER_PATHS = NO;
				CLANG_ANALYZER_NONNULL = YES;
				CLANG_ANALYZER_NUMBER_OBJECT_CONVERSION = YES_AGGRESSIVE;
				CLANG_CXX_LANGUAGE_STANDARD = "gnu++14";
				CLANG_CXX_LIBRARY = "libc++";
				CLANG_ENABLE_MODULES = YES;
				CLANG_ENABLE_OBJC_ARC = YES;
				CLANG_ENABLE_OBJC_WEAK = YES;
				CLANG_WARN_BLOCK_CAPTURE_AUTORELEASING = YES;
				CLANG_WARN_BOOL_CONVERSION = YES;
				CLANG_WARN_COMMA = YES;
				CLANG_WARN_CONSTANT_CONVERSION = YES;
				CLANG_WARN_DEPRECATED_OBJC_IMPLEMENTATIONS = YES;
				CLANG_WARN_DIRECT_OBJC_ISA_USAGE = YES_ERROR;
				CLANG_WARN_DOCUMENTATION_COMMENTS = YES;
				CLANG_WARN_EMPTY_BODY = YES;
				CLANG_WARN_ENUM_CONVERSION = YES;
				CLANG_WARN_INFINITE_RECURSION = YES;
				CLANG_WARN_INT_CONVERSION = YES;
				CLANG_WARN_NON_LITERAL_NULL_CONVERSION = YES;
				CLANG_WARN_OBJC_IMPLICIT_RETAIN_SELF = YES;
				CLANG_WARN_OBJC_LITERAL_CONVERSION = YES;
				CLANG_WARN_OBJC_ROOT_CLASS = YES_ERROR;
				CLANG_WARN_RANGE_LOOP_ANALYSIS = YES;
				CLANG_WARN_STRICT_PROTOTYPES = YES;
				CLANG_WARN_SUSPICIOUS_MOVE = YES;
				CLANG_WARN_UNGUARDED_AVAILABILITY = YES_AGGRESSIVE;
				CLANG_WARN_UNREACHABLE_CODE = YES;
				CLANG_WARN__DUPLICATE_METHOD_MATCH = YES;
				COPY_PHASE_STRIP = NO;
				DEBUG_INFORMATION_FORMAT = dwarf;
				ENABLE_STRICT_OBJC_MSGSEND = YES;
				ENABLE_TESTABILITY = YES;
				GCC_C_LANGUAGE_STANDARD = gnu11;
				GCC_DYNAMIC_NO_PIC = NO;
				GCC_NO_COMMON_BLOCKS = YES;
				GCC_OPTIMIZATION_LEVEL = 0;
				GCC_PREPROCESSOR_DEFINITIONS = (
					"DEBUG=1",
					"$(inherited)",
				);
				GCC_WARN_64_TO_32_BIT_CONVERSION = YES;
				GCC_WARN_ABOUT_RETURN_TYPE = YES_ERROR;
				GCC_WARN_UNDECLARED_SELECTOR = YES;
				GCC_WARN_UNINITIALIZED_AUTOS = YES_AGGRESSIVE;
				GCC_WARN_UNUSED_FUNCTION = YES;
				GCC_WARN_UNUSED_VARIABLE = YES;
				IPHONEOS_DEPLOYMENT_TARGET = 12.0;
				MTL_ENABLE_DEBUG_INFO = INCLUDE_SOURCE;
				MTL_FAST_MATH = YES;
				ONLY_ACTIVE_ARCH = YES;
				SDKROOT = iphoneos;
				SWIFT_ACTIVE_COMPILATION_CONDITIONS = DEBUG;
				SWIFT_OPTIMIZATION_LEVEL = "-Onone";
			};
			name = Debug;
		};
		0485E85F242110540037F4E2 /* Release */ = {
			isa = XCBuildConfiguration;
			buildSettings = {
				ALWAYS_SEARCH_USER_PATHS = NO;
				CLANG_ANALYZER_NONNULL = YES;
				CLANG_ANALYZER_NUMBER_OBJECT_CONVERSION = YES_AGGRESSIVE;
				CLANG_CXX_LANGUAGE_STANDARD = "gnu++14";
				CLANG_CXX_LIBRARY = "libc++";
				CLANG_ENABLE_MODULES = YES;
				CLANG_ENABLE_OBJC_ARC = YES;
				CLANG_ENABLE_OBJC_WEAK = YES;
				CLANG_WARN_BLOCK_CAPTURE_AUTORELEASING = YES;
				CLANG_WARN_BOOL_CONVERSION = YES;
				CLANG_WARN_COMMA = YES;
				CLANG_WARN_CONSTANT_CONVERSION = YES;
				CLANG_WARN_DEPRECATED_OBJC_IMPLEMENTATIONS = YES;
				CLANG_WARN_DIRECT_OBJC_ISA_USAGE = YES_ERROR;
				CLANG_WARN_DOCUMENTATION_COMMENTS = YES;
				CLANG_WARN_EMPTY_BODY = YES;
				CLANG_WARN_ENUM_CONVERSION = YES;
				CLANG_WARN_INFINITE_RECURSION = YES;
				CLANG_WARN_INT_CONVERSION = YES;
				CLANG_WARN_NON_LITERAL_NULL_CONVERSION = YES;
				CLANG_WARN_OBJC_IMPLICIT_RETAIN_SELF = YES;
				CLANG_WARN_OBJC_LITERAL_CONVERSION = YES;
				CLANG_WARN_OBJC_ROOT_CLASS = YES_ERROR;
				CLANG_WARN_RANGE_LOOP_ANALYSIS = YES;
				CLANG_WARN_STRICT_PROTOTYPES = YES;
				CLANG_WARN_SUSPICIOUS_MOVE = YES;
				CLANG_WARN_UNGUARDED_AVAILABILITY = YES_AGGRESSIVE;
				CLANG_WARN_UNREACHABLE_CODE = YES;
				CLANG_WARN__DUPLICATE_METHOD_MATCH = YES;
				COPY_PHASE_STRIP = NO;
				DEBUG_INFORMATION_FORMAT = "dwarf-with-dsym";
				ENABLE_NS_ASSERTIONS = NO;
				ENABLE_STRICT_OBJC_MSGSEND = YES;
				GCC_C_LANGUAGE_STANDARD = gnu11;
				GCC_NO_COMMON_BLOCKS = YES;
				GCC_WARN_64_TO_32_BIT_CONVERSION = YES;
				GCC_WARN_ABOUT_RETURN_TYPE = YES_ERROR;
				GCC_WARN_UNDECLARED_SELECTOR = YES;
				GCC_WARN_UNINITIALIZED_AUTOS = YES_AGGRESSIVE;
				GCC_WARN_UNUSED_FUNCTION = YES;
				GCC_WARN_UNUSED_VARIABLE = YES;
				IPHONEOS_DEPLOYMENT_TARGET = 12.0;
				MTL_ENABLE_DEBUG_INFO = NO;
				MTL_FAST_MATH = YES;
				SDKROOT = iphoneos;
				SWIFT_COMPILATION_MODE = wholemodule;
				SWIFT_OPTIMIZATION_LEVEL = "-O";
				VALIDATE_PRODUCT = YES;
			};
			name = Release;
		};
		0485E861242110540037F4E2 /* Debug */ = {
			isa = XCBuildConfiguration;
			buildSettings = {
				ASSETCATALOG_COMPILER_APPICON_NAME = AppIcon;
				CODE_SIGN_STYLE = Automatic;
				DEVELOPMENT_TEAM = 5UW52T8C97;
				FRAMEWORK_SEARCH_PATHS = (
					"$(inherited)",
					"$(PROJECT_DIR)/Carthage/Build/iOS",
				);
				INFOPLIST_FILE = VKNewsFeed/Info.plist;
				LD_RUNPATH_SEARCH_PATHS = (
					"$(inherited)",
					"@executable_path/Frameworks",
				);
				PRODUCT_BUNDLE_IDENTIFIER = AlexKiritsa.VKNewsFeed;
				PRODUCT_NAME = "$(TARGET_NAME)";
				SWIFT_VERSION = 5.0;
				TARGETED_DEVICE_FAMILY = "1,2";
			};
			name = Debug;
		};
		0485E862242110540037F4E2 /* Release */ = {
			isa = XCBuildConfiguration;
			buildSettings = {
				ASSETCATALOG_COMPILER_APPICON_NAME = AppIcon;
				CODE_SIGN_STYLE = Automatic;
				DEVELOPMENT_TEAM = 5UW52T8C97;
				FRAMEWORK_SEARCH_PATHS = (
					"$(inherited)",
					"$(PROJECT_DIR)/Carthage/Build/iOS",
				);
				INFOPLIST_FILE = VKNewsFeed/Info.plist;
				LD_RUNPATH_SEARCH_PATHS = (
					"$(inherited)",
					"@executable_path/Frameworks",
				);
				PRODUCT_BUNDLE_IDENTIFIER = AlexKiritsa.VKNewsFeed;
				PRODUCT_NAME = "$(TARGET_NAME)";
				SWIFT_VERSION = 5.0;
				TARGETED_DEVICE_FAMILY = "1,2";
			};
			name = Release;
		};
/* End XCBuildConfiguration section */

/* Begin XCConfigurationList section */
		0485E847242110500037F4E2 /* Build configuration list for PBXProject "VKNewsFeed" */ = {
			isa = XCConfigurationList;
			buildConfigurations = (
				0485E85E242110540037F4E2 /* Debug */,
				0485E85F242110540037F4E2 /* Release */,
			);
			defaultConfigurationIsVisible = 0;
			defaultConfigurationName = Release;
		};
		0485E860242110540037F4E2 /* Build configuration list for PBXNativeTarget "VKNewsFeed" */ = {
			isa = XCConfigurationList;
			buildConfigurations = (
				0485E861242110540037F4E2 /* Debug */,
				0485E862242110540037F4E2 /* Release */,
			);
			defaultConfigurationIsVisible = 0;
			defaultConfigurationName = Release;
		};
/* End XCConfigurationList section */
	};
	rootObject = 0485E844242110500037F4E2 /* Project object */;
}
