// !$*UTF8*$!
{
	archiveVersion = 1;
	classes = {
	};
	objectVersion = 50;
	objects = {

/* Begin PBXBuildFile section */
		040D1DD1245C5012009729CF /* FooterView.swift in Sources */ = {isa = PBXBuildFile; fileRef = 040D1DD0245C5012009729CF /* FooterView.swift */; };
		040D1DD3245C5383009729CF /* Localizable.stringsdict in Resources */ = {isa = PBXBuildFile; fileRef = 040D1DD2245C5383009729CF /* Localizable.stringsdict */; };
		040E124F2423CD9F003AE05D /* UIViewController + Storyboard.swift in Sources */ = {isa = PBXBuildFile; fileRef = 040E124E2423CD9F003AE05D /* UIViewController + Storyboard.swift */; };
		042B8D5A2423DE8200A3EEA3 /* FeedResponse.swift in Sources */ = {isa = PBXBuildFile; fileRef = 042B8D592423DE8200A3EEA3 /* FeedResponse.swift */; };
		042B8D5C2423E0E300A3EEA3 /* NetworkDataFetcher.swift in Sources */ = {isa = PBXBuildFile; fileRef = 042B8D5B2423E0E300A3EEA3 /* NetworkDataFetcher.swift */; };
		0450A3632434F810009783BA /* NewsfeedCellLayoutCalculator.swift in Sources */ = {isa = PBXBuildFile; fileRef = 0450A3622434F810009783BA /* NewsfeedCellLayoutCalculator.swift */; };
		0450A36524350C3B009783BA /* String + Height.swift in Sources */ = {isa = PBXBuildFile; fileRef = 0450A36424350C3B009783BA /* String + Height.swift */; };
		0466D5352435DA69000791F9 /* NewsfeedCodeCell.swift in Sources */ = {isa = PBXBuildFile; fileRef = 0466D5342435DA69000791F9 /* NewsfeedCodeCell.swift */; };
		0466D5372435E50D000791F9 /* Constraints.swift in Sources */ = {isa = PBXBuildFile; fileRef = 0466D5362435E50D000791F9 /* Constraints.swift */; };
		0466D539243635B8000791F9 /* Constants.swift in Sources */ = {isa = PBXBuildFile; fileRef = 0466D538243635B8000791F9 /* Constants.swift */; };
		047BAB9F242E61D000F9508C /* NewsfeedCell.swift in Sources */ = {isa = PBXBuildFile; fileRef = 047BAB9E242E61D000F9508C /* NewsfeedCell.swift */; };
		047BABA1242E620C00F9508C /* NewsfeedCell.xib in Resources */ = {isa = PBXBuildFile; fileRef = 047BABA0242E620C00F9508C /* NewsfeedCell.xib */; };
		047BABA32430F46100F9508C /* WebImageView.swift in Sources */ = {isa = PBXBuildFile; fileRef = 047BABA22430F46100F9508C /* WebImageView.swift */; };
		0485E850242110510037F4E2 /* AppDelegate.swift in Sources */ = {isa = PBXBuildFile; fileRef = 0485E84F242110510037F4E2 /* AppDelegate.swift */; };
		0485E859242110540037F4E2 /* Assets.xcassets in Resources */ = {isa = PBXBuildFile; fileRef = 0485E858242110540037F4E2 /* Assets.xcassets */; };
		0485E85C242110540037F4E2 /* LaunchScreen.storyboard in Resources */ = {isa = PBXBuildFile; fileRef = 0485E85A242110540037F4E2 /* LaunchScreen.storyboard */; };
		0485E86A242144C90037F4E2 /* AuthService.swift in Sources */ = {isa = PBXBuildFile; fileRef = 0485E869242144C90037F4E2 /* AuthService.swift */; };
		0485E86D242146DE0037F4E2 /* AuthViewController.swift in Sources */ = {isa = PBXBuildFile; fileRef = 0485E86C242146DE0037F4E2 /* AuthViewController.swift */; };
		0485E86F242146ED0037F4E2 /* AuthViewController.storyboard in Resources */ = {isa = PBXBuildFile; fileRef = 0485E86E242146ED0037F4E2 /* AuthViewController.storyboard */; };
		0485E871242149FD0037F4E2 /* VKSdkFramework.framework in Frameworks */ = {isa = PBXBuildFile; fileRef = 0485E864242114880037F4E2 /* VKSdkFramework.framework */; };
		0485E872242149FD0037F4E2 /* VKSdkFramework.framework in Embed Frameworks */ = {isa = PBXBuildFile; fileRef = 0485E864242114880037F4E2 /* VKSdkFramework.framework */; settings = {ATTRIBUTES = (CodeSignOnCopy, RemoveHeadersOnCopy, ); }; };
		049B11C22423D2A300A54AFE /* NetworkService.swift in Sources */ = {isa = PBXBuildFile; fileRef = 049B11C12423D2A300A54AFE /* NetworkService.swift */; };
		049B11C42423D36400A54AFE /* API.swift in Sources */ = {isa = PBXBuildFile; fileRef = 049B11C32423D36400A54AFE /* API.swift */; };
		04BB98B5242D29D600835881 /* NewsfeedPresenter.swift in Sources */ = {isa = PBXBuildFile; fileRef = 04BB98AF242D29D600835881 /* NewsfeedPresenter.swift */; };
		04BB98B6242D29D600835881 /* NewsfeedWorker.swift in Sources */ = {isa = PBXBuildFile; fileRef = 04BB98B0242D29D600835881 /* NewsfeedWorker.swift */; };
		04BB98B7242D29D600835881 /* NewsfeedRouter.swift in Sources */ = {isa = PBXBuildFile; fileRef = 04BB98B1242D29D600835881 /* NewsfeedRouter.swift */; };
		04BB98B8242D29D600835881 /* NewsfeedModels.swift in Sources */ = {isa = PBXBuildFile; fileRef = 04BB98B2242D29D600835881 /* NewsfeedModels.swift */; };
		04BB98B9242D29D600835881 /* NewsfeedViewController.swift in Sources */ = {isa = PBXBuildFile; fileRef = 04BB98B3242D29D600835881 /* NewsfeedViewController.swift */; };
		04BB98BA242D29D600835881 /* NewsfeedInteractor.swift in Sources */ = {isa = PBXBuildFile; fileRef = 04BB98B4242D29D600835881 /* NewsfeedInteractor.swift */; };
		04BB98BC242D30A400835881 /* NewsfeedViewController.storyboard in Resources */ = {isa = PBXBuildFile; fileRef = 04BB98BB242D30A400835881 /* NewsfeedViewController.storyboard */; };
		04C4DE93244EEFC300C5A3D1 /* GalleryCollectionView.swift in Sources */ = {isa = PBXBuildFile; fileRef = 04C4DE92244EEFC300C5A3D1 /* GalleryCollectionView.swift */; };
		04C4DE95244EF1DC00C5A3D1 /* GalleryCollectionViewCell.swift in Sources */ = {isa = PBXBuildFile; fileRef = 04C4DE94244EF1DC00C5A3D1 /* GalleryCollectionViewCell.swift */; };
		04DE23E72459F6B800BE4B70 /* TitleView.swift in Sources */ = {isa = PBXBuildFile; fileRef = 04DE23E62459F6B800BE4B70 /* TitleView.swift */; };
		04DE23E92459F74100BE4B70 /* InsetableTextField.swift in Sources */ = {isa = PBXBuildFile; fileRef = 04DE23E82459F74100BE4B70 /* InsetableTextField.swift */; };
		04DE23EB2459FCE400BE4B70 /* UserResponse.swift in Sources */ = {isa = PBXBuildFile; fileRef = 04DE23EA2459FCE400BE4B70 /* UserResponse.swift */; };
		04E53E9124559B3700243200 /* Rowlayout.swift in Sources */ = {isa = PBXBuildFile; fileRef = 04E53E9024559B3700243200 /* Rowlayout.swift */; };
/* End PBXBuildFile section */

/* Begin PBXCopyFilesBuildPhase section */
		0485E873242149FD0037F4E2 /* Embed Frameworks */ = {
			isa = PBXCopyFilesBuildPhase;
			buildActionMask = 2147483647;
			dstPath = "";
			dstSubfolderSpec = 10;
			files = (
				0485E872242149FD0037F4E2 /* VKSdkFramework.framework in Embed Frameworks */,
			);
			name = "Embed Frameworks";
			runOnlyForDeploymentPostprocessing = 0;
		};
/* End PBXCopyFilesBuildPhase section */

/* Begin PBXFileReference section */
		040D1DD0245C5012009729CF /* FooterView.swift */ = {isa = PBXFileReference; lastKnownFileType = sourcecode.swift; path = FooterView.swift; sourceTree = "<group>"; };
		040D1DD2245C5383009729CF /* Localizable.stringsdict */ = {isa = PBXFileReference; lastKnownFileType = text.plist.stringsdict; path = Localizable.stringsdict; sourceTree = "<group>"; };
		040E124E2423CD9F003AE05D /* UIViewController + Storyboard.swift */ = {isa = PBXFileReference; lastKnownFileType = sourcecode.swift; path = "UIViewController + Storyboard.swift"; sourceTree = "<group>"; };
		042B8D592423DE8200A3EEA3 /* FeedResponse.swift */ = {isa = PBXFileReference; lastKnownFileType = sourcecode.swift; path = FeedResponse.swift; sourceTree = "<group>"; };
		042B8D5B2423E0E300A3EEA3 /* NetworkDataFetcher.swift */ = {isa = PBXFileReference; lastKnownFileType = sourcecode.swift; path = NetworkDataFetcher.swift; sourceTree = "<group>"; };
		0450A3622434F810009783BA /* NewsfeedCellLayoutCalculator.swift */ = {isa = PBXFileReference; lastKnownFileType = sourcecode.swift; path = NewsfeedCellLayoutCalculator.swift; sourceTree = "<group>"; };
		0450A36424350C3B009783BA /* String + Height.swift */ = {isa = PBXFileReference; lastKnownFileType = sourcecode.swift; path = "String + Height.swift"; sourceTree = "<group>"; };
		0466D5342435DA69000791F9 /* NewsfeedCodeCell.swift */ = {isa = PBXFileReference; lastKnownFileType = sourcecode.swift; path = NewsfeedCodeCell.swift; sourceTree = "<group>"; };
		0466D5362435E50D000791F9 /* Constraints.swift */ = {isa = PBXFileReference; lastKnownFileType = sourcecode.swift; path = Constraints.swift; sourceTree = "<group>"; };
		0466D538243635B8000791F9 /* Constants.swift */ = {isa = PBXFileReference; lastKnownFileType = sourcecode.swift; path = Constants.swift; sourceTree = "<group>"; };
		047BAB9E242E61D000F9508C /* NewsfeedCell.swift */ = {isa = PBXFileReference; lastKnownFileType = sourcecode.swift; path = NewsfeedCell.swift; sourceTree = "<group>"; };
		047BABA0242E620C00F9508C /* NewsfeedCell.xib */ = {isa = PBXFileReference; lastKnownFileType = file.xib; path = NewsfeedCell.xib; sourceTree = "<group>"; };
		047BABA22430F46100F9508C /* WebImageView.swift */ = {isa = PBXFileReference; lastKnownFileType = sourcecode.swift; path = WebImageView.swift; sourceTree = "<group>"; };
		0485E84C242110510037F4E2 /* VKNewsFeed.app */ = {isa = PBXFileReference; explicitFileType = wrapper.application; includeInIndex = 0; path = VKNewsFeed.app; sourceTree = BUILT_PRODUCTS_DIR; };
		0485E84F242110510037F4E2 /* AppDelegate.swift */ = {isa = PBXFileReference; lastKnownFileType = sourcecode.swift; path = AppDelegate.swift; sourceTree = "<group>"; };
		0485E858242110540037F4E2 /* Assets.xcassets */ = {isa = PBXFileReference; lastKnownFileType = folder.assetcatalog; path = Assets.xcassets; sourceTree = "<group>"; };
		0485E85B242110540037F4E2 /* Base */ = {isa = PBXFileReference; lastKnownFileType = file.storyboard; name = Base; path = Base.lproj/LaunchScreen.storyboard; sourceTree = "<group>"; };
		0485E85D242110540037F4E2 /* Info.plist */ = {isa = PBXFileReference; lastKnownFileType = text.plist.xml; path = Info.plist; sourceTree = "<group>"; };
		0485E864242114880037F4E2 /* VKSdkFramework.framework */ = {isa = PBXFileReference; lastKnownFileType = wrapper.framework; name = VKSdkFramework.framework; path = Carthage/Build/iOS/VKSdkFramework.framework; sourceTree = "<group>"; };
		0485E869242144C90037F4E2 /* AuthService.swift */ = {isa = PBXFileReference; lastKnownFileType = sourcecode.swift; path = AuthService.swift; sourceTree = "<group>"; };
		0485E86C242146DE0037F4E2 /* AuthViewController.swift */ = {isa = PBXFileReference; lastKnownFileType = sourcecode.swift; path = AuthViewController.swift; sourceTree = "<group>"; };
		0485E86E242146ED0037F4E2 /* AuthViewController.storyboard */ = {isa = PBXFileReference; lastKnownFileType = file.storyboard; path = AuthViewController.storyboard; sourceTree = "<group>"; };
		049B11C12423D2A300A54AFE /* NetworkService.swift */ = {isa = PBXFileReference; lastKnownFileType = sourcecode.swift; path = NetworkService.swift; sourceTree = "<group>"; };
		049B11C32423D36400A54AFE /* API.swift */ = {isa = PBXFileReference; lastKnownFileType = sourcecode.swift; path = API.swift; sourceTree = "<group>"; };
		04BB98AF242D29D600835881 /* NewsfeedPresenter.swift */ = {isa = PBXFileReference; lastKnownFileType = sourcecode.swift; path = NewsfeedPresenter.swift; sourceTree = "<group>"; };
		04BB98B0242D29D600835881 /* NewsfeedWorker.swift */ = {isa = PBXFileReference; lastKnownFileType = sourcecode.swift; path = NewsfeedWorker.swift; sourceTree = "<group>"; };
		04BB98B1242D29D600835881 /* NewsfeedRouter.swift */ = {isa = PBXFileReference; lastKnownFileType = sourcecode.swift; path = NewsfeedRouter.swift; sourceTree = "<group>"; };
		04BB98B2242D29D600835881 /* NewsfeedModels.swift */ = {isa = PBXFileReference; lastKnownFileType = sourcecode.swift; path = NewsfeedModels.swift; sourceTree = "<group>"; };
		04BB98B3242D29D600835881 /* NewsfeedViewController.swift */ = {isa = PBXFileReference; lastKnownFileType = sourcecode.swift; path = NewsfeedViewController.swift; sourceTree = "<group>"; };
		04BB98B4242D29D600835881 /* NewsfeedInteractor.swift */ = {isa = PBXFileReference; lastKnownFileType = sourcecode.swift; path = NewsfeedInteractor.swift; sourceTree = "<group>"; };
		04BB98BB242D30A400835881 /* NewsfeedViewController.storyboard */ = {isa = PBXFileReference; lastKnownFileType = file.storyboard; path = NewsfeedViewController.storyboard; sourceTree = "<group>"; };
		04C4DE92244EEFC300C5A3D1 /* GalleryCollectionView.swift */ = {isa = PBXFileReference; lastKnownFileType = sourcecode.swift; path = GalleryCollectionView.swift; sourceTree = "<group>"; };
		04C4DE94244EF1DC00C5A3D1 /* GalleryCollectionViewCell.swift */ = {isa = PBXFileReference; lastKnownFileType = sourcecode.swift; path = GalleryCollectionViewCell.swift; sourceTree = "<group>"; };
		04DE23E62459F6B800BE4B70 /* TitleView.swift */ = {isa = PBXFileReference; lastKnownFileType = sourcecode.swift; path = TitleView.swift; sourceTree = "<group>"; };
		04DE23E82459F74100BE4B70 /* InsetableTextField.swift */ = {isa = PBXFileReference; lastKnownFileType = sourcecode.swift; path = InsetableTextField.swift; sourceTree = "<group>"; };
		04DE23EA2459FCE400BE4B70 /* UserResponse.swift */ = {isa = PBXFileReference; lastKnownFileType = sourcecode.swift; path = UserResponse.swift; sourceTree = "<group>"; };
		04E53E9024559B3700243200 /* Rowlayout.swift */ = {isa = PBXFileReference; lastKnownFileType = sourcecode.swift; path = Rowlayout.swift; sourceTree = "<group>"; };
/* End PBXFileReference section */

/* Begin PBXFrameworksBuildPhase section */
		0485E849242110500037F4E2 /* Frameworks */ = {
			isa = PBXFrameworksBuildPhase;
			buildActionMask = 2147483647;
			files = (
				0485E871242149FD0037F4E2 /* VKSdkFramework.framework in Frameworks */,
			);
			runOnlyForDeploymentPostprocessing = 0;
		};
/* End PBXFrameworksBuildPhase section */

/* Begin PBXGroup section */
		040D1DCF245C5005009729CF /* FooterView */ = {
			isa = PBXGroup;
			children = (
				040D1DD0245C5012009729CF /* FooterView.swift */,
			);
			path = FooterView;
			sourceTree = "<group>";
		};
		040E12502423CDA7003AE05D /* Helpers */ = {
			isa = PBXGroup;
			children = (
				040E124E2423CD9F003AE05D /* UIViewController + Storyboard.swift */,
				047BABA22430F46100F9508C /* WebImageView.swift */,
				0450A36424350C3B009783BA /* String + Height.swift */,
				0466D5362435E50D000791F9 /* Constraints.swift */,
			);
			path = Helpers;
			sourceTree = "<group>";
		};
		042B8D582423DE7600A3EEA3 /* Models */ = {
			isa = PBXGroup;
			children = (
				042B8D592423DE8200A3EEA3 /* FeedResponse.swift */,
				04DE23EA2459FCE400BE4B70 /* UserResponse.swift */,
			);
			path = Models;
			sourceTree = "<group>";
		};
		047BAB9D242E61C000F9508C /* Cell */ = {
			isa = PBXGroup;
			children = (
				047BABA0242E620C00F9508C /* NewsfeedCell.xib */,
				047BAB9E242E61D000F9508C /* NewsfeedCell.swift */,
				0466D5342435DA69000791F9 /* NewsfeedCodeCell.swift */,
				0450A3622434F810009783BA /* NewsfeedCellLayoutCalculator.swift */,
				0466D538243635B8000791F9 /* Constants.swift */,
			);
			path = Cell;
			sourceTree = "<group>";
		};
		0485E843242110500037F4E2 = {
			isa = PBXGroup;
			children = (
				0485E84E242110510037F4E2 /* VKNewsFeed */,
				0485E84D242110510037F4E2 /* Products */,
				0485E863242114880037F4E2 /* Frameworks */,
			);
			sourceTree = "<group>";
		};
		0485E84D242110510037F4E2 /* Products */ = {
			isa = PBXGroup;
			children = (
				0485E84C242110510037F4E2 /* VKNewsFeed.app */,
			);
			name = Products;
			sourceTree = "<group>";
		};
		0485E84E242110510037F4E2 /* VKNewsFeed */ = {
			isa = PBXGroup;
			children = (
				0485E84F242110510037F4E2 /* AppDelegate.swift */,
				0485E86B242144D20037F4E2 /* Services */,
				0485E870242147040037F4E2 /* Auth */,
				04BB98AE242D29C100835881 /* Newsfeed */,
				040E12502423CDA7003AE05D /* Helpers */,
				0485E858242110540037F4E2 /* Assets.xcassets */,
				0485E85A242110540037F4E2 /* LaunchScreen.storyboard */,
				0485E85D242110540037F4E2 /* Info.plist */,
				040D1DD2245C5383009729CF /* Localizable.stringsdict */,
			);
			path = VKNewsFeed;
			sourceTree = "<group>";
		};
		0485E863242114880037F4E2 /* Frameworks */ = {
			isa = PBXGroup;
			children = (
				0485E864242114880037F4E2 /* VKSdkFramework.framework */,
			);
			name = Frameworks;
			sourceTree = "<group>";
		};
		0485E86B242144D20037F4E2 /* Services */ = {
			isa = PBXGroup;
			children = (
				042B8D582423DE7600A3EEA3 /* Models */,
				0485E869242144C90037F4E2 /* AuthService.swift */,
				049B11C12423D2A300A54AFE /* NetworkService.swift */,
				049B11C32423D36400A54AFE /* API.swift */,
				042B8D5B2423E0E300A3EEA3 /* NetworkDataFetcher.swift */,
			);
			path = Services;
			sourceTree = "<group>";
		};
		0485E870242147040037F4E2 /* Auth */ = {
			isa = PBXGroup;
			children = (
				0485E86C242146DE0037F4E2 /* AuthViewController.swift */,
				0485E86E242146ED0037F4E2 /* AuthViewController.storyboard */,
			);
			path = Auth;
			sourceTree = "<group>";
		};
		04BB98AE242D29C100835881 /* Newsfeed */ = {
			isa = PBXGroup;
			children = (
				040D1DCF245C5005009729CF /* FooterView */,
				04DE23E52459F6A500BE4B70 /* TitleView */,
				04C4DE91244EEFAC00C5A3D1 /* GalleryView */,
				047BAB9D242E61C000F9508C /* Cell */,
				04BB98BB242D30A400835881 /* NewsfeedViewController.storyboard */,
				04BB98B3242D29D600835881 /* NewsfeedViewController.swift */,
				04BB98B4242D29D600835881 /* NewsfeedInteractor.swift */,
				04BB98AF242D29D600835881 /* NewsfeedPresenter.swift */,
				04BB98B2242D29D600835881 /* NewsfeedModels.swift */,
				04BB98B0242D29D600835881 /* NewsfeedWorker.swift */,
				04BB98B1242D29D600835881 /* NewsfeedRouter.swift */,
			);
			path = Newsfeed;
			sourceTree = "<group>";
		};
		04C4DE91244EEFAC00C5A3D1 /* GalleryView */ = {
			isa = PBXGroup;
			children = (
				04C4DE92244EEFC300C5A3D1 /* GalleryCollectionView.swift */,
				04C4DE94244EF1DC00C5A3D1 /* GalleryCollectionViewCell.swift */,
				04E53E9024559B3700243200 /* Rowlayout.swift */,
			);
			path = GalleryView;
			sourceTree = "<group>";
		};
		04DE23E52459F6A500BE4B70 /* TitleView */ = {
			isa = PBXGroup;
			children = (
				04DE23E62459F6B800BE4B70 /* TitleView.swift */,
				04DE23E82459F74100BE4B70 /* InsetableTextField.swift */,
			);
			path = TitleView;
			sourceTree = "<group>";
		};
/* End PBXGroup section */

/* Begin PBXNativeTarget section */
		0485E84B242110500037F4E2 /* VKNewsFeed */ = {
			isa = PBXNativeTarget;
			buildConfigurationList = 0485E860242110540037F4E2 /* Build configuration list for PBXNativeTarget "VKNewsFeed" */;
			buildPhases = (
				0485E848242110500037F4E2 /* Sources */,
				0485E849242110500037F4E2 /* Frameworks */,
				0485E84A242110500037F4E2 /* Resources */,
				0485E8682421149F0037F4E2 /* ShellScript */,
				0485E873242149FD0037F4E2 /* Embed Frameworks */,
			);
			buildRules = (
			);
			dependencies = (
			);
			name = VKNewsFeed;
			productName = VKNewsFeed;
			productReference = 0485E84C242110510037F4E2 /* VKNewsFeed.app */;
			productType = "com.apple.product-type.application";
		};
/* End PBXNativeTarget section */

/* Begin PBXProject section */
		0485E844242110500037F4E2 /* Project object */ = {
			isa = PBXProject;
			attributes = {
				LastSwiftUpdateCheck = 1130;
				LastUpgradeCheck = 1130;
				ORGANIZATIONNAME = "Alex Kiritsa";
				TargetAttributes = {
					0485E84B242110500037F4E2 = {
						CreatedOnToolsVersion = 11.3.1;
					};
				};
			};
			buildConfigurationList = 0485E847242110500037F4E2 /* Build configuration list for PBXProject "VKNewsFeed" */;
			compatibilityVersion = "Xcode 9.3";
			developmentRegion = en;
			hasScannedForEncodings = 0;
			knownRegions = (
				en,
				Base,
			);
			mainGroup = 0485E843242110500037F4E2;
			productRefGroup = 0485E84D242110510037F4E2 /* Products */;
			projectDirPath = "";
			projectRoot = "";
			targets = (
				0485E84B242110500037F4E2 /* VKNewsFeed */,
			);
		};
/* End PBXProject section */

/* Begin PBXResourcesBuildPhase section */
		0485E84A242110500037F4E2 /* Resources */ = {
			isa = PBXResourcesBuildPhase;
			buildActionMask = 2147483647;
			files = (
				0485E85C242110540037F4E2 /* LaunchScreen.storyboard in Resources */,
				04BB98BC242D30A400835881 /* NewsfeedViewController.storyboard in Resources */,
				0485E86F242146ED0037F4E2 /* AuthViewController.storyboard in Resources */,
				0485E859242110540037F4E2 /* Assets.xcassets in Resources */,
				047BABA1242E620C00F9508C /* NewsfeedCell.xib in Resources */,
				040D1DD3245C5383009729CF /* Localizable.stringsdict in Resources */,
			);
			runOnlyForDeploymentPostprocessing = 0;
		};
/* End PBXResourcesBuildPhase section */

/* Begin PBXShellScriptBuildPhase section */
		0485E8682421149F0037F4E2 /* ShellScript */ = {
			isa = PBXShellScriptBuildPhase;
			buildActionMask = 8;
			files = (
			);
			inputFileListPaths = (
			);
			inputPaths = (
				"$(SRCROOT)/Carthage/Build/iOS/VKSdkFramework.framework",
			);
			outputFileListPaths = (
			);
			outputPaths = (
			);
			runOnlyForDeploymentPostprocessing = 1;
			shellPath = /bin/sh;
			shellScript = "/usr/local/bin/carthage copy-frameworks\n";
		};
/* End PBXShellScriptBuildPhase section */

/* Begin PBXSourcesBuildPhase section */
		0485E848242110500037F4E2 /* Sources */ = {
			isa = PBXSourcesBuildPhase;
			buildActionMask = 2147483647;
			files = (
				042B8D5A2423DE8200A3EEA3 /* FeedResponse.swift in Sources */,
				040D1DD1245C5012009729CF /* FooterView.swift in Sources */,
				0450A36524350C3B009783BA /* String + Height.swift in Sources */,
				04BB98B9242D29D600835881 /* NewsfeedViewController.swift in Sources */,
				0485E86D242146DE0037F4E2 /* AuthViewController.swift in Sources */,
				04C4DE95244EF1DC00C5A3D1 /* GalleryCollectionViewCell.swift in Sources */,
				040E124F2423CD9F003AE05D /* UIViewController + Storyboard.swift in Sources */,
				04BB98B5242D29D600835881 /* NewsfeedPresenter.swift in Sources */,
				0485E850242110510037F4E2 /* AppDelegate.swift in Sources */,
				04BB98B7242D29D600835881 /* NewsfeedRouter.swift in Sources */,
				049B11C22423D2A300A54AFE /* NetworkService.swift in Sources */,
				04BB98B8242D29D600835881 /* NewsfeedModels.swift in Sources */,
				0450A3632434F810009783BA /* NewsfeedCellLayoutCalculator.swift in Sources */,
				0466D539243635B8000791F9 /* Constants.swift in Sources */,
				04E53E9124559B3700243200 /* Rowlayout.swift in Sources */,
				04DE23E72459F6B800BE4B70 /* TitleView.swift in Sources */,
				0466D5352435DA69000791F9 /* NewsfeedCodeCell.swift in Sources */,
				0466D5372435E50D000791F9 /* Constraints.swift in Sources */,
				04DE23EB2459FCE400BE4B70 /* UserResponse.swift in Sources */,
				047BABA32430F46100F9508C /* WebImageView.swift in Sources */,
				042B8D5C2423E0E300A3EEA3 /* NetworkDataFetcher.swift in Sources */,
				04BB98B6242D29D600835881 /* NewsfeedWorker.swift in Sources */,
				0485E86A242144C90037F4E2 /* AuthService.swift in Sources */,
				049B11C42423D36400A54AFE /* API.swift in Sources */,
				04C4DE93244EEFC300C5A3D1 /* GalleryCollectionView.swift in Sources */,
				047BAB9F242E61D000F9508C /* NewsfeedCell.swift in Sources */,
				04BB98BA242D29D600835881 /* NewsfeedInteractor.swift in Sources */,
				04DE23E92459F74100BE4B70 /* InsetableTextField.swift in Sources */,
			);
			runOnlyForDeploymentPostprocessing = 0;
		};
/* End PBXSourcesBuildPhase section */

/* Begin PBXVariantGroup section */
		0485E85A242110540037F4E2 /* LaunchScreen.storyboard */ = {
			isa = PBXVariantGroup;
			children = (
				0485E85B242110540037F4E2 /* Base */,
			);
			name = LaunchScreen.storyboard;
			sourceTree = "<group>";
		};
/* End PBXVariantGroup section */

/* Begin XCBuildConfiguration section */
		0485E85E242110540037F4E2 /* Debug */ = {
			isa = XCBuildConfiguration;
			buildSettings = {
				ALWAYS_SEARCH_USER_PATHS = NO;
				CLANG_ANALYZER_NONNULL = YES;
				CLANG_ANALYZER_NUMBER_OBJECT_CONVERSION = YES_AGGRESSIVE;
				CLANG_CXX_LANGUAGE_STANDARD = "gnu++14";
				CLANG_CXX_LIBRARY = "libc++";
				CLANG_ENABLE_MODULES = YES;
				CLANG_ENABLE_OBJC_ARC = YES;
				CLANG_ENABLE_OBJC_WEAK = YES;
				CLANG_WARN_BLOCK_CAPTURE_AUTORELEASING = YES;
				CLANG_WARN_BOOL_CONVERSION = YES;
				CLANG_WARN_COMMA = YES;
				CLANG_WARN_CONSTANT_CONVERSION = YES;
				CLANG_WARN_DEPRECATED_OBJC_IMPLEMENTATIONS = YES;
				CLANG_WARN_DIRECT_OBJC_ISA_USAGE = YES_ERROR;
				CLANG_WARN_DOCUMENTATION_COMMENTS = YES;
				CLANG_WARN_EMPTY_BODY = YES;
				CLANG_WARN_ENUM_CONVERSION = YES;
				CLANG_WARN_INFINITE_RECURSION = YES;
				CLANG_WARN_INT_CONVERSION = YES;
				CLANG_WARN_NON_LITERAL_NULL_CONVERSION = YES;
				CLANG_WARN_OBJC_IMPLICIT_RETAIN_SELF = YES;
				CLANG_WARN_OBJC_LITERAL_CONVERSION = YES;
				CLANG_WARN_OBJC_ROOT_CLASS = YES_ERROR;
				CLANG_WARN_RANGE_LOOP_ANALYSIS = YES;
				CLANG_WARN_STRICT_PROTOTYPES = YES;
				CLANG_WARN_SUSPICIOUS_MOVE = YES;
				CLANG_WARN_UNGUARDED_AVAILABILITY = YES_AGGRESSIVE;
				CLANG_WARN_UNREACHABLE_CODE = YES;
				CLANG_WARN__DUPLICATE_METHOD_MATCH = YES;
				COPY_PHASE_STRIP = NO;
				DEBUG_INFORMATION_FORMAT = dwarf;
				ENABLE_STRICT_OBJC_MSGSEND = YES;
				ENABLE_TESTABILITY = YES;
				GCC_C_LANGUAGE_STANDARD = gnu11;
				GCC_DYNAMIC_NO_PIC = NO;
				GCC_NO_COMMON_BLOCKS = YES;
				GCC_OPTIMIZATION_LEVEL = 0;
				GCC_PREPROCESSOR_DEFINITIONS = (
					"DEBUG=1",
					"$(inherited)",
				);
				GCC_WARN_64_TO_32_BIT_CONVERSION = YES;
				GCC_WARN_ABOUT_RETURN_TYPE = YES_ERROR;
				GCC_WARN_UNDECLARED_SELECTOR = YES;
				GCC_WARN_UNINITIALIZED_AUTOS = YES_AGGRESSIVE;
				GCC_WARN_UNUSED_FUNCTION = YES;
				GCC_WARN_UNUSED_VARIABLE = YES;
				IPHONEOS_DEPLOYMENT_TARGET = 12.0;
				MTL_ENABLE_DEBUG_INFO = INCLUDE_SOURCE;
				MTL_FAST_MATH = YES;
				ONLY_ACTIVE_ARCH = YES;
				SDKROOT = iphoneos;
				SWIFT_ACTIVE_COMPILATION_CONDITIONS = DEBUG;
				SWIFT_OPTIMIZATION_LEVEL = "-Onone";
			};
			name = Debug;
		};
		0485E85F242110540037F4E2 /* Release */ = {
			isa = XCBuildConfiguration;
			buildSettings = {
				ALWAYS_SEARCH_USER_PATHS = NO;
				CLANG_ANALYZER_NONNULL = YES;
				CLANG_ANALYZER_NUMBER_OBJECT_CONVERSION = YES_AGGRESSIVE;
				CLANG_CXX_LANGUAGE_STANDARD = "gnu++14";
				CLANG_CXX_LIBRARY = "libc++";
				CLANG_ENABLE_MODULES = YES;
				CLANG_ENABLE_OBJC_ARC = YES;
				CLANG_ENABLE_OBJC_WEAK = YES;
				CLANG_WARN_BLOCK_CAPTURE_AUTORELEASING = YES;
				CLANG_WARN_BOOL_CONVERSION = YES;
				CLANG_WARN_COMMA = YES;
				CLANG_WARN_CONSTANT_CONVERSION = YES;
				CLANG_WARN_DEPRECATED_OBJC_IMPLEMENTATIONS = YES;
				CLANG_WARN_DIRECT_OBJC_ISA_USAGE = YES_ERROR;
				CLANG_WARN_DOCUMENTATION_COMMENTS = YES;
				CLANG_WARN_EMPTY_BODY = YES;
				CLANG_WARN_ENUM_CONVERSION = YES;
				CLANG_WARN_INFINITE_RECURSION = YES;
				CLANG_WARN_INT_CONVERSION = YES;
				CLANG_WARN_NON_LITERAL_NULL_CONVERSION = YES;
				CLANG_WARN_OBJC_IMPLICIT_RETAIN_SELF = YES;
				CLANG_WARN_OBJC_LITERAL_CONVERSION = YES;
				CLANG_WARN_OBJC_ROOT_CLASS = YES_ERROR;
				CLANG_WARN_RANGE_LOOP_ANALYSIS = YES;
				CLANG_WARN_STRICT_PROTOTYPES = YES;
				CLANG_WARN_SUSPICIOUS_MOVE = YES;
				CLANG_WARN_UNGUARDED_AVAILABILITY = YES_AGGRESSIVE;
				CLANG_WARN_UNREACHABLE_CODE = YES;
				CLANG_WARN__DUPLICATE_METHOD_MATCH = YES;
				COPY_PHASE_STRIP = NO;
				DEBUG_INFORMATION_FORMAT = "dwarf-with-dsym";
				ENABLE_NS_ASSERTIONS = NO;
				ENABLE_STRICT_OBJC_MSGSEND = YES;
				GCC_C_LANGUAGE_STANDARD = gnu11;
				GCC_NO_COMMON_BLOCKS = YES;
				GCC_WARN_64_TO_32_BIT_CONVERSION = YES;
				GCC_WARN_ABOUT_RETURN_TYPE = YES_ERROR;
				GCC_WARN_UNDECLARED_SELECTOR = YES;
				GCC_WARN_UNINITIALIZED_AUTOS = YES_AGGRESSIVE;
				GCC_WARN_UNUSED_FUNCTION = YES;
				GCC_WARN_UNUSED_VARIABLE = YES;
				IPHONEOS_DEPLOYMENT_TARGET = 12.0;
				MTL_ENABLE_DEBUG_INFO = NO;
				MTL_FAST_MATH = YES;
				SDKROOT = iphoneos;
				SWIFT_COMPILATION_MODE = wholemodule;
				SWIFT_OPTIMIZATION_LEVEL = "-O";
				VALIDATE_PRODUCT = YES;
			};
			name = Release;
		};
		0485E861242110540037F4E2 /* Debug */ = {
			isa = XCBuildConfiguration;
			buildSettings = {
				ASSETCATALOG_COMPILER_APPICON_NAME = AppIcon;
				CODE_SIGN_STYLE = Automatic;
				DEVELOPMENT_TEAM = 5UW52T8C97;
				FRAMEWORK_SEARCH_PATHS = (
					"$(inherited)",
					"$(PROJECT_DIR)/Carthage/Build/iOS",
				);
				INFOPLIST_FILE = VKNewsFeed/Info.plist;
				LD_RUNPATH_SEARCH_PATHS = (
					"$(inherited)",
					"@executable_path/Frameworks",
				);
				PRODUCT_BUNDLE_IDENTIFIER = AlexKiritsa.VKNewsFeed;
				PRODUCT_NAME = "$(TARGET_NAME)";
				SWIFT_VERSION = 5.0;
				TARGETED_DEVICE_FAMILY = "1,2";
			};
			name = Debug;
		};
		0485E862242110540037F4E2 /* Release */ = {
			isa = XCBuildConfiguration;
			buildSettings = {
				ASSETCATALOG_COMPILER_APPICON_NAME = AppIcon;
				CODE_SIGN_STYLE = Automatic;
				DEVELOPMENT_TEAM = 5UW52T8C97;
				FRAMEWORK_SEARCH_PATHS = (
					"$(inherited)",
					"$(PROJECT_DIR)/Carthage/Build/iOS",
				);
				INFOPLIST_FILE = VKNewsFeed/Info.plist;
				LD_RUNPATH_SEARCH_PATHS = (
					"$(inherited)",
					"@executable_path/Frameworks",
				);
				PRODUCT_BUNDLE_IDENTIFIER = AlexKiritsa.VKNewsFeed;
				PRODUCT_NAME = "$(TARGET_NAME)";
				SWIFT_VERSION = 5.0;
				TARGETED_DEVICE_FAMILY = "1,2";
			};
			name = Release;
		};
/* End XCBuildConfiguration section */

/* Begin XCConfigurationList section */
		0485E847242110500037F4E2 /* Build configuration list for PBXProject "VKNewsFeed" */ = {
			isa = XCConfigurationList;
			buildConfigurations = (
				0485E85E242110540037F4E2 /* Debug */,
				0485E85F242110540037F4E2 /* Release */,
			);
			defaultConfigurationIsVisible = 0;
			defaultConfigurationName = Release;
		};
		0485E860242110540037F4E2 /* Build configuration list for PBXNativeTarget "VKNewsFeed" */ = {
			isa = XCConfigurationList;
			buildConfigurations = (
				0485E861242110540037F4E2 /* Debug */,
				0485E862242110540037F4E2 /* Release */,
			);
			defaultConfigurationIsVisible = 0;
			defaultConfigurationName = Release;
		};
/* End XCConfigurationList section */
	};
	rootObject = 0485E844242110500037F4E2 /* Project object */;
}
